
Microsoft Visual Studio Solution File, Format Version 12.00
# Visual Studio Version 17
VisualStudioVersion = 17.14.36811.4
MinimumVisualStudioVersion = 10.0.40219.1
Project("{FAE04EC0-301F-11D3-BF4B-00C04F79EFBC}") = "Finalproj.Tests", "Finalproj.Tests\Finalproj.Tests.csproj", "{ADB9BD5D-397A-4619-A401-4AC9B3AB5CE5}"
EndProject
Project("{2150E333-8FDC-42A3-9474-1A3956D46DE8}") = "src", "src", "{827E0CD3-B72D-47B6-A68D-7590B98EB39B}"
EndProject
Project("{FAE04EC0-301F-11D3-BF4B-00C04F79EFBC}") = "Finalproj.Domain", "src\Finalproj.Domain\Finalproj.Domain.csproj", "{B151743E-9114-4157-9793-0CD817E2EBE0}"
EndProject
Project("{FAE04EC0-301F-11D3-BF4B-00C04F79EFBC}") = "Finalproj.Application", "src\Finalproj.Application\Finalproj.Application.csproj", "{CDEA11FC-DE1D-4342-A9F9-8F3AC3710FA0}"
EndProject
Project("{FAE04EC0-301F-11D3-BF4B-00C04F79EFBC}") = "Finalproj.Infrastructure", "src\Finalproj.Infrastructure\Finalproj.Infrastructure.csproj", "{89529897-0AD0-4665-AADD-0479692E3A05}"
EndProject
Project("{FAE04EC0-301F-11D3-BF4B-00C04F79EFBC}") = "Finalproj.Api", "src\Finalproj.Api\Finalproj.Api.csproj", "{2BC121D3-D4BB-4F8E-8004-E44428E3D584}"
EndProject
Project("{FAE04EC0-301F-11D3-BF4B-00C04F79EFBC}") = "Finalproj.IntegrationTests", "Finalproj.IntegrationTests\Finalproj.IntegrationTests.csproj", "{EF85A349-1635-47B1-BF21-40BEAFEC8DAC}"
EndProject
Global
	GlobalSection(SolutionConfigurationPlatforms) = preSolution
		Debug|Any CPU = Debug|Any CPU
		Debug|x64 = Debug|x64
		Debug|x86 = Debug|x86
		Release|Any CPU = Release|Any CPU
		Release|x64 = Release|x64
		Release|x86 = Release|x86
	EndGlobalSection
	GlobalSection(ProjectConfigurationPlatforms) = postSolution
		{ADB9BD5D-397A-4619-A401-4AC9B3AB5CE5}.Debug|Any CPU.ActiveCfg = Debug|Any CPU
		{ADB9BD5D-397A-4619-A401-4AC9B3AB5CE5}.Debug|Any CPU.Build.0 = Debug|Any CPU
		{ADB9BD5D-397A-4619-A401-4AC9B3AB5CE5}.Debug|x64.ActiveCfg = Debug|Any CPU
		{ADB9BD5D-397A-4619-A401-4AC9B3AB5CE5}.Debug|x64.Build.0 = Debug|Any CPU
		{ADB9BD5D-397A-4619-A401-4AC9B3AB5CE5}.Debug|x86.ActiveCfg = Debug|Any CPU
		{ADB9BD5D-397A-4619-A401-4AC9B3AB5CE5}.Debug|x86.Build.0 = Debug|Any CPU
		{ADB9BD5D-397A-4619-A401-4AC9B3AB5CE5}.Release|Any CPU.ActiveCfg = Release|Any CPU
		{ADB9BD5D-397A-4619-A401-4AC9B3AB5CE5}.Release|Any CPU.Build.0 = Release|Any CPU
		{ADB9BD5D-397A-4619-A401-4AC9B3AB5CE5}.Release|x64.ActiveCfg = Release|Any CPU
		{ADB9BD5D-397A-4619-A401-4AC9B3AB5CE5}.Release|x64.Build.0 = Release|Any CPU
		{ADB9BD5D-397A-4619-A401-4AC9B3AB5CE5}.Release|x86.ActiveCfg = Release|Any CPU
		{ADB9BD5D-397A-4619-A401-4AC9B3AB5CE5}.Release|x86.Build.0 = Release|Any CPU
		{B151743E-9114-4157-9793-0CD817E2EBE0}.Debug|Any CPU.ActiveCfg = Debug|Any CPU
		{B151743E-9114-4157-9793-0CD817E2EBE0}.Debug|Any CPU.Build.0 = Debug|Any CPU
		{B151743E-9114-4157-9793-0CD817E2EBE0}.Debug|x64.ActiveCfg = Debug|Any CPU
		{B151743E-9114-4157-9793-0CD817E2EBE0}.Debug|x64.Build.0 = Debug|Any CPU
		{B151743E-9114-4157-9793-0CD817E2EBE0}.Debug|x86.ActiveCfg = Debug|Any CPU
		{B151743E-9114-4157-9793-0CD817E2EBE0}.Debug|x86.Build.0 = Debug|Any CPU
		{B151743E-9114-4157-9793-0CD817E2EBE0}.Release|Any CPU.ActiveCfg = Release|Any CPU
		{B151743E-9114-4157-9793-0CD817E2EBE0}.Release|Any CPU.Build.0 = Release|Any CPU
		{B151743E-9114-4157-9793-0CD817E2EBE0}.Release|x64.ActiveCfg = Release|Any CPU
		{B151743E-9114-4157-9793-0CD817E2EBE0}.Release|x64.Build.0 = Release|Any CPU
		{B151743E-9114-4157-9793-0CD817E2EBE0}.Release|x86.ActiveCfg = Release|Any CPU
		{B151743E-9114-4157-9793-0CD817E2EBE0}.Release|x86.Build.0 = Release|Any CPU
		{CDEA11FC-DE1D-4342-A9F9-8F3AC3710FA0}.Debug|Any CPU.ActiveCfg = Debug|Any CPU
		{CDEA11FC-DE1D-4342-A9F9-8F3AC3710FA0}.Debug|Any CPU.Build.0 = Debug|Any CPU
		{CDEA11FC-DE1D-4342-A9F9-8F3AC3710FA0}.Debug|x64.ActiveCfg = Debug|Any CPU
		{CDEA11FC-DE1D-4342-A9F9-8F3AC3710FA0}.Debug|x64.Build.0 = Debug|Any CPU
		{CDEA11FC-DE1D-4342-A9F9-8F3AC3710FA0}.Debug|x86.ActiveCfg = Debug|Any CPU
		{CDEA11FC-DE1D-4342-A9F9-8F3AC3710FA0}.Debug|x86.Build.0 = Debug|Any CPU
		{CDEA11FC-DE1D-4342-A9F9-8F3AC3710FA0}.Release|Any CPU.ActiveCfg = Release|Any CPU
		{CDEA11FC-DE1D-4342-A9F9-8F3AC3710FA0}.Release|Any CPU.Build.0 = Release|Any CPU
		{CDEA11FC-DE1D-4342-A9F9-8F3AC3710FA0}.Release|x64.ActiveCfg = Release|Any CPU
		{CDEA11FC-DE1D-4342-A9F9-8F3AC3710FA0}.Release|x64.Build.0 = Release|Any CPU
		{CDEA11FC-DE1D-4342-A9F9-8F3AC3710FA0}.Release|x86.ActiveCfg = Release|Any CPU
		{CDEA11FC-DE1D-4342-A9F9-8F3AC3710FA0}.Release|x86.Build.0 = Release|Any CPU
		{89529897-0AD0-4665-AADD-0479692E3A05}.Debug|Any CPU.ActiveCfg = Debug|Any CPU
		{89529897-0AD0-4665-AADD-0479692E3A05}.Debug|Any CPU.Build.0 = Debug|Any CPU
		{89529897-0AD0-4665-AADD-0479692E3A05}.Debug|x64.ActiveCfg = Debug|Any CPU
		{89529897-0AD0-4665-AADD-0479692E3A05}.Debug|x64.Build.0 = Debug|Any CPU
		{89529897-0AD0-4665-AADD-0479692E3A05}.Debug|x86.ActiveCfg = Debug|Any CPU
		{89529897-0AD0-4665-AADD-0479692E3A05}.Debug|x86.Build.0 = Debug|Any CPU
		{89529897-0AD0-4665-AADD-0479692E3A05}.Release|Any CPU.ActiveCfg = Release|Any CPU
		{89529897-0AD0-4665-AADD-0479692E3A05}.Release|Any CPU.Build.0 = Release|Any CPU
		{89529897-0AD0-4665-AADD-0479692E3A05}.Release|x64.ActiveCfg = Release|Any CPU
		{89529897-0AD0-4665-AADD-0479692E3A05}.Release|x64.Build.0 = Release|Any CPU
		{89529897-0AD0-4665-AADD-0479692E3A05}.Release|x86.ActiveCfg = Release|Any CPU
		{89529897-0AD0-4665-AADD-0479692E3A05}.Release|x86.Build.0 = Release|Any CPU
		{2BC121D3-D4BB-4F8E-8004-E44428E3D584}.Debug|Any CPU.ActiveCfg = Debug|Any CPU
		{2BC121D3-D4BB-4F8E-8004-E44428E3D584}.Debug|Any CPU.Build.0 = Debug|Any CPU
		{2BC121D3-D4BB-4F8E-8004-E44428E3D584}.Debug|x64.ActiveCfg = Debug|Any CPU
		{2BC121D3-D4BB-4F8E-8004-E44428E3D584}.Debug|x64.Build.0 = Debug|Any CPU
		{2BC121D3-D4BB-4F8E-8004-E44428E3D584}.Debug|x86.ActiveCfg = Debug|Any CPU
		{2BC121D3-D4BB-4F8E-8004-E44428E3D584}.Debug|x86.Build.0 = Debug|Any CPU
		{2BC121D3-D4BB-4F8E-8004-E44428E3D584}.Release|Any CPU.ActiveCfg = Release|Any CPU
		{2BC121D3-D4BB-4F8E-8004-E44428E3D584}.Release|Any CPU.Build.0 = Release|Any CPU
		{2BC121D3-D4BB-4F8E-8004-E44428E3D584}.Release|x64.ActiveCfg = Release|Any CPU
		{2BC121D3-D4BB-4F8E-8004-E44428E3D584}.Release|x64.Build.0 = Release|Any CPU
		{2BC121D3-D4BB-4F8E-8004-E44428E3D584}.Release|x86.ActiveCfg = Release|Any CPU
		{2BC121D3-D4BB-4F8E-8004-E44428E3D584}.Release|x86.Build.0 = Release|Any CPU
		{EF85A349-1635-47B1-BF21-40BEAFEC8DAC}.Debug|Any CPU.ActiveCfg = Debug|Any CPU
		{EF85A349-1635-47B1-BF21-40BEAFEC8DAC}.Debug|Any CPU.Build.0 = Debug|Any CPU
		{EF85A349-1635-47B1-BF21-40BEAFEC8DAC}.Debug|x64.ActiveCfg = Debug|Any CPU
		{EF85A349-1635-47B1-BF21-40BEAFEC8DAC}.Debug|x64.Build.0 = Debug|Any CPU
		{EF85A349-1635-47B1-BF21-40BEAFEC8DAC}.Debug|x86.ActiveCfg = Debug|Any CPU
		{EF85A349-1635-47B1-BF21-40BEAFEC8DAC}.Debug|x86.Build.0 = Debug|Any CPU
		{EF85A349-1635-47B1-BF21-40BEAFEC8DAC}.Release|Any CPU.ActiveCfg = Release|Any CPU
		{EF85A349-1635-47B1-BF21-40BEAFEC8DAC}.Release|Any CPU.Build.0 = Release|Any CPU
		{EF85A349-1635-47B1-BF21-40BEAFEC8DAC}.Release|x64.ActiveCfg = Release|Any CPU
		{EF85A349-1635-47B1-BF21-40BEAFEC8DAC}.Release|x64.Build.0 = Release|Any CPU
		{EF85A349-1635-47B1-BF21-40BEAFEC8DAC}.Release|x86.ActiveCfg = Release|Any CPU
		{EF85A349-1635-47B1-BF21-40BEAFEC8DAC}.Release|x86.Build.0 = Release|Any CPU
	EndGlobalSection
	GlobalSection(SolutionProperties) = preSolution
		HideSolutionNode = FALSE
	EndGlobalSection
	GlobalSection(NestedProjects) = preSolution
		{B151743E-9114-4157-9793-0CD817E2EBE0} = {827E0CD3-B72D-47B6-A68D-7590B98EB39B}
		{CDEA11FC-DE1D-4342-A9F9-8F3AC3710FA0} = {827E0CD3-B72D-47B6-A68D-7590B98EB39B}
		{89529897-0AD0-4665-AADD-0479692E3A05} = {827E0CD3-B72D-47B6-A68D-7590B98EB39B}
		{2BC121D3-D4BB-4F8E-8004-E44428E3D584} = {827E0CD3-B72D-47B6-A68D-7590B98EB39B}
	EndGlobalSection
	GlobalSection(ExtensibilityGlobals) = postSolution
		SolutionGuid = {BE0EB523-3F04-420F-BFE4-88A0BF7CAF25}
	EndGlobalSection
EndGlobal
